{
    "_meta": {
        "hash": {
            "sha256": "6c5ce194a1d0862186b7e23a26d8f3ab97358dda9b35bf221f5cccb55782b624"
        },
        "host-environment-markers": {
            "implementation_name": "cpython",
            "implementation_version": "0",
            "os_name": "posix",
            "platform_machine": "x86_64",
            "platform_python_implementation": "CPython",
            "platform_release": "16.7.0",
            "platform_system": "Darwin",
            "platform_version": "Darwin Kernel Version 16.7.0: Thu Jun 15 17:36:27 PDT 2017; root:xnu-3789.70.16~2/RELEASE_X86_64",
            "python_full_version": "2.7.11",
            "python_version": "2.7",
            "sys_platform": "darwin"
        },
        "pipfile-spec": 6,
        "requires": {},
        "sources": [
            {
                "name": "pypi",
                "url": "https://pypi.python.org/simple",
                "verify_ssl": true
            }
        ]
    },
    "default": {
        "jsonify": {
            "hashes": [
                "sha256:f340032753577575e9777835809b283fdc9b251867d5d5600389131647f8bfe1"
            ],
            "version": "==0.5"
        }
    },
    "develop": {}
}
